
Microsoft Visual Studio Solution File, Format Version 12.00
# Visual Studio Version 16
VisualStudioVersion = 16.0.29519.181
MinimumVisualStudioVersion = 10.0.40219.1
Project("{FAE04EC0-301F-11D3-BF4B-00C04F79EFBC}") = "Moment1.2", "Moment1.2.csproj", "{40C0956E-E488-4301-B33F-159A395E1260}"
EndProject
Global
	GlobalSection(SolutionConfigurationPlatforms) = preSolution
		Debug|Any CPU = Debug|Any CPU
		Release|Any CPU = Release|Any CPU
	EndGlobalSection
	GlobalSection(ProjectConfigurationPlatforms) = postSolution
		{40C0956E-E488-4301-B33F-159A395E1260}.Debug|Any CPU.ActiveCfg = Debug|Any CPU
		{40C0956E-E488-4301-B33F-159A395E1260}.Debug|Any CPU.Build.0 = Debug|Any CPU
		{40C0956E-E488-4301-B33F-159A395E1260}.Release|Any CPU.ActiveCfg = Release|Any CPU
		{40C0956E-E488-4301-B33F-159A395E1260}.Release|Any CPU.Build.0 = Release|Any CPU
	EndGlobalSection
	GlobalSection(SolutionProperties) = preSolution
		HideSolutionNode = FALSE
	EndGlobalSection
	GlobalSection(ExtensibilityGlobals) = postSolution
		SolutionGuid = {828A44FB-3EA9-4AAB-A2F2-89EFFF3A9527}
	EndGlobalSection
EndGlobal
